// !$*UTF8*$!
{
	archiveVersion = 1;
	classes = {
	};
	objectVersion = 77;
	objects = {

/* Begin PBXContainerItemProxy section */
		2FB4078E2DA184B8005DFB17 /* PBXContainerItemProxy */ = {
			isa = PBXContainerItemProxy;
			containerPortal = 2FB407752DA184B7005DFB17 /* Project object */;
			proxyType = 1;
			remoteGlobalIDString = 2FB4077C2DA184B7005DFB17;
			remoteInfo = NeuroFade;
		};
		2FB407982DA184B8005DFB17 /* PBXContainerItemProxy */ = {
			isa = PBXContainerItemProxy;
			containerPortal = 2FB407752DA184B7005DFB17 /* Project object */;
			proxyType = 1;
			remoteGlobalIDString = 2FB4077C2DA184B7005DFB17;
			remoteInfo = NeuroFade;
		};
/* End PBXContainerItemProxy section */

/* Begin PBXFileReference section */
		2FB4077D2DA184B7005DFB17 /* NeuroFade.app */ = {isa = PBXFileReference; explicitFileType = wrapper.application; includeInIndex = 0; path = NeuroFade.app; sourceTree = BUILT_PRODUCTS_DIR; };
		2FB4078D2DA184B8005DFB17 /* NeuroFadeTests.xctest */ = {isa = PBXFileReference; explicitFileType = wrapper.cfbundle; includeInIndex = 0; path = NeuroFadeTests.xctest; sourceTree = BUILT_PRODUCTS_DIR; };
		2FB407972DA184B8005DFB17 /* NeuroFadeUITests.xctest */ = {isa = PBXFileReference; explicitFileType = wrapper.cfbundle; includeInIndex = 0; path = NeuroFadeUITests.xctest; sourceTree = BUILT_PRODUCTS_DIR; };
/* End PBXFileReference section */

/* Begin PBXFileSystemSynchronizedRootGroup section */
		2FB4077F2DA184B7005DFB17 /* NeuroFade */ = {
			isa = PBXFileSystemSynchronizedRootGroup;
			path = NeuroFade;
			sourceTree = "<group>";
		};
		2FB407902DA184B8005DFB17 /* NeuroFadeTests */ = {
			isa = PBXFileSystemSynchronizedRootGroup;
			path = NeuroFadeTests;
			sourceTree = "<group>";
		};
		2FB4079A2DA184B8005DFB17 /* NeuroFadeUITests */ = {
			isa = PBXFileSystemSynchronizedRootGroup;
			path = NeuroFadeUITests;
			sourceTree = "<group>";
		};
/* End PBXFileSystemSynchronizedRootGroup section */

/* Begin PBXFrameworksBuildPhase section */
		2FB4077A2DA184B7005DFB17 /* Frameworks */ = {
			isa = PBXFrameworksBuildPhase;
			buildActionMask = 2147483647;
			files = (
			);
			runOnlyForDeploymentPostprocessing = 0;
		};
		2FB4078A2DA184B8005DFB17 /* Frameworks */ = {
			isa = PBXFrameworksBuildPhase;
			buildActionMask = 2147483647;
			files = (
			);
			runOnlyForDeploymentPostprocessing = 0;
		};
		2FB407942DA184B8005DFB17 /* Frameworks */ = {
			isa = PBXFrameworksBuildPhase;
			buildActionMask = 2147483647;
			files = (
			);
			runOnlyForDeploymentPostprocessing = 0;
		};
/* End PBXFrameworksBuildPhase section */

/* Begin PBXGroup section */
		2FB407742DA184B7005DFB17 = {
			isa = PBXGroup;
			children = (
				2FB4077F2DA184B7005DFB17 /* NeuroFade */,
				2FB407902DA184B8005DFB17 /* NeuroFadeTests */,
				2FB4079A2DA184B8005DFB17 /* NeuroFadeUITests */,
				2FB4077E2DA184B7005DFB17 /* Products */,
			);
			sourceTree = "<group>";
		};
		2FB4077E2DA184B7005DFB17 /* Products */ = {
			isa = PBXGroup;
			children = (
				2FB4077D2DA184B7005DFB17 /* NeuroFade.app */,
				2FB4078D2DA184B8005DFB17 /* NeuroFadeTests.xctest */,
				2FB407972DA184B8005DFB17 /* NeuroFadeUITests.xctest */,
			);
			name = Products;
			sourceTree = "<group>";
		};
/* End PBXGroup section */

/* Begin PBXNativeTarget section */
		2FB4077C2DA184B7005DFB17 /* NeuroFade */ = {
			isa = PBXNativeTarget;
			buildConfigurationList = 2FB407A12DA184B8005DFB17 /* Build configuration list for PBXNativeTarget "NeuroFade" */;
			buildPhases = (
				2FB407792DA184B7005DFB17 /* Sources */,
				2FB4077A2DA184B7005DFB17 /* Frameworks */,
				2FB4077B2DA184B7005DFB17 /* Resources */,
			);
			buildRules = (
			);
			dependencies = (
			);
			fileSystemSynchronizedGroups = (
				2FB4077F2DA184B7005DFB17 /* NeuroFade */,
			);
			name = NeuroFade;
			packageProductDependencies = (
			);
			productName = NeuroFade;
			productReference = 2FB4077D2DA184B7005DFB17 /* NeuroFade.app */;
			productType = "com.apple.product-type.application";
		};
		2FB4078C2DA184B8005DFB17 /* NeuroFadeTests */ = {
			isa = PBXNativeTarget;
			buildConfigurationList = 2FB407A42DA184B8005DFB17 /* Build configuration list for PBXNativeTarget "NeuroFadeTests" */;
			buildPhases = (
				2FB407892DA184B8005DFB17 /* Sources */,
				2FB4078A2DA184B8005DFB17 /* Frameworks */,
				2FB4078B2DA184B8005DFB17 /* Resources */,
			);
			buildRules = (
			);
			dependencies = (
				2FB4078F2DA184B8005DFB17 /* PBXTargetDependency */,
			);
			fileSystemSynchronizedGroups = (
				2FB407902DA184B8005DFB17 /* NeuroFadeTests */,
			);
			name = NeuroFadeTests;
			packageProductDependencies = (
			);
			productName = NeuroFadeTests;
			productReference = 2FB4078D2DA184B8005DFB17 /* NeuroFadeTests.xctest */;
			productType = "com.apple.product-type.bundle.unit-test";
		};
		2FB407962DA184B8005DFB17 /* NeuroFadeUITests */ = {
			isa = PBXNativeTarget;
			buildConfigurationList = 2FB407A72DA184B8005DFB17 /* Build configuration list for PBXNativeTarget "NeuroFadeUITests" */;
			buildPhases = (
				2FB407932DA184B8005DFB17 /* Sources */,
				2FB407942DA184B8005DFB17 /* Frameworks */,
				2FB407952DA184B8005DFB17 /* Resources */,
			);
			buildRules = (
			);
			dependencies = (
				2FB407992DA184B8005DFB17 /* PBXTargetDependency */,
			);
			fileSystemSynchronizedGroups = (
				2FB4079A2DA184B8005DFB17 /* NeuroFadeUITests */,
			);
			name = NeuroFadeUITests;
			packageProductDependencies = (
			);
			productName = NeuroFadeUITests;
			productReference = 2FB407972DA184B8005DFB17 /* NeuroFadeUITests.xctest */;
			productType = "com.apple.product-type.bundle.ui-testing";
		};
/* End PBXNativeTarget section */

/* Begin PBXProject section */
		2FB407752DA184B7005DFB17 /* Project object */ = {
			isa = PBXProject;
			attributes = {
				BuildIndependentTargetsInParallel = 1;
				LastSwiftUpdateCheck = 1620;
				LastUpgradeCheck = 1620;
				TargetAttributes = {
					2FB4077C2DA184B7005DFB17 = {
						CreatedOnToolsVersion = 16.2;
					};
					2FB4078C2DA184B8005DFB17 = {
						CreatedOnToolsVersion = 16.2;
						TestTargetID = 2FB4077C2DA184B7005DFB17;
					};
					2FB407962DA184B8005DFB17 = {
						CreatedOnToolsVersion = 16.2;
						TestTargetID = 2FB4077C2DA184B7005DFB17;
					};
				};
			};
			buildConfigurationList = 2FB407782DA184B7005DFB17 /* Build configuration list for PBXProject "NeuroFade" */;
			developmentRegion = en;
			hasScannedForEncodings = 0;
			knownRegions = (
				en,
				Base,
			);
			mainGroup = 2FB407742DA184B7005DFB17;
			minimizedProjectReferenceProxies = 1;
			preferredProjectObjectVersion = 77;
			productRefGroup = 2FB4077E2DA184B7005DFB17 /* Products */;
			projectDirPath = "";
			projectRoot = "";
			targets = (
				2FB4077C2DA184B7005DFB17 /* NeuroFade */,
				2FB4078C2DA184B8005DFB17 /* NeuroFadeTests */,
				2FB407962DA184B8005DFB17 /* NeuroFadeUITests */,
			);
		};
/* End PBXProject section */

/* Begin PBXResourcesBuildPhase section */
		2FB4077B2DA184B7005DFB17 /* Resources */ = {
			isa = PBXResourcesBuildPhase;
			buildActionMask = 2147483647;
			files = (
			);
			runOnlyForDeploymentPostprocessing = 0;
		};
		2FB4078B2DA184B8005DFB17 /* Resources */ = {
			isa = PBXResourcesBuildPhase;
			buildActionMask = 2147483647;
			files = (
			);
			runOnlyForDeploymentPostprocessing = 0;
		};
		2FB407952DA184B8005DFB17 /* Resources */ = {
			isa = PBXResourcesBuildPhase;
			buildActionMask = 2147483647;
			files = (
			);
			runOnlyForDeploymentPostprocessing = 0;
		};
/* End PBXResourcesBuildPhase section */

/* Begin PBXSourcesBuildPhase section */
		2FB407792DA184B7005DFB17 /* Sources */ = {
			isa = PBXSourcesBuildPhase;
			buildActionMask = 2147483647;
			files = (
			);
			runOnlyForDeploymentPostprocessing = 0;
		};
		2FB407892DA184B8005DFB17 /* Sources */ = {
			isa = PBXSourcesBuildPhase;
			buildActionMask = 2147483647;
			files = (
			);
			runOnlyForDeploymentPostprocessing = 0;
		};
		2FB407932DA184B8005DFB17 /* Sources */ = {
			isa = PBXSourcesBuildPhase;
			buildActionMask = 2147483647;
			files = (
			);
			runOnlyForDeploymentPostprocessing = 0;
		};
/* End PBXSourcesBuildPhase section */

/* Begin PBXTargetDependency section */
		2FB4078F2DA184B8005DFB17 /* PBXTargetDependency */ = {
			isa = PBXTargetDependency;
			target = 2FB4077C2DA184B7005DFB17 /* NeuroFade */;
			targetProxy = 2FB4078E2DA184B8005DFB17 /* PBXContainerItemProxy */;
		};
		2FB407992DA184B8005DFB17 /* PBXTargetDependency */ = {
			isa = PBXTargetDependency;
			target = 2FB4077C2DA184B7005DFB17 /* NeuroFade */;
			targetProxy = 2FB407982DA184B8005DFB17 /* PBXContainerItemProxy */;
		};
/* End PBXTargetDependency section */

/* Begin XCBuildConfiguration section */
		2FB4079F2DA184B8005DFB17 /* Debug */ = {
			isa = XCBuildConfiguration;
			buildSettings = {
				ALWAYS_SEARCH_USER_PATHS = NO;
				ASSETCATALOG_COMPILER_GENERATE_SWIFT_ASSET_SYMBOL_EXTENSIONS = YES;
				CLANG_ANALYZER_NONNULL = YES;
				CLANG_ANALYZER_NUMBER_OBJECT_CONVERSION = YES_AGGRESSIVE;
				CLANG_CXX_LANGUAGE_STANDARD = "gnu++20";
				CLANG_ENABLE_MODULES = YES;
				CLANG_ENABLE_OBJC_ARC = YES;
				CLANG_ENABLE_OBJC_WEAK = YES;
				CLANG_WARN_BLOCK_CAPTURE_AUTORELEASING = YES;
				CLANG_WARN_BOOL_CONVERSION = YES;
				CLANG_WARN_COMMA = YES;
				CLANG_WARN_CONSTANT_CONVERSION = YES;
				CLANG_WARN_DEPRECATED_OBJC_IMPLEMENTATIONS = YES;
				CLANG_WARN_DIRECT_OBJC_ISA_USAGE = YES_ERROR;
				CLANG_WARN_DOCUMENTATION_COMMENTS = YES;
				CLANG_WARN_EMPTY_BODY = YES;
				CLANG_WARN_ENUM_CONVERSION = YES;
				CLANG_WARN_INFINITE_RECURSION = YES;
				CLANG_WARN_INT_CONVERSION = YES;
				CLANG_WARN_NON_LITERAL_NULL_CONVERSION = YES;
				CLANG_WARN_OBJC_IMPLICIT_RETAIN_SELF = YES;
				CLANG_WARN_OBJC_LITERAL_CONVERSION = YES;
				CLANG_WARN_OBJC_ROOT_CLASS = YES_ERROR;
				CLANG_WARN_QUOTED_INCLUDE_IN_FRAMEWORK_HEADER = YES;
				CLANG_WARN_RANGE_LOOP_ANALYSIS = YES;
				CLANG_WARN_STRICT_PROTOTYPES = YES;
				CLANG_WARN_SUSPICIOUS_MOVE = YES;
				CLANG_WARN_UNGUARDED_AVAILABILITY = YES_AGGRESSIVE;
				CLANG_WARN_UNREACHABLE_CODE = YES;
				CLANG_WARN__DUPLICATE_METHOD_MATCH = YES;
				COPY_PHASE_STRIP = NO;
				DEBUG_INFORMATION_FORMAT = dwarf;
				ENABLE_STRICT_OBJC_MSGSEND = YES;
				ENABLE_TESTABILITY = YES;
				ENABLE_USER_SCRIPT_SANDBOXING = YES;
				GCC_C_LANGUAGE_STANDARD = gnu17;
				GCC_DYNAMIC_NO_PIC = NO;
				GCC_NO_COMMON_BLOCKS = YES;
				GCC_OPTIMIZATION_LEVEL = 0;
				GCC_PREPROCESSOR_DEFINITIONS = (
					"DEBUG=1",
					"$(inherited)",
				);
				GCC_WARN_64_TO_32_BIT_CONVERSION = YES;
				GCC_WARN_ABOUT_RETURN_TYPE = YES_ERROR;
				GCC_WARN_UNDECLARED_SELECTOR = YES;
				GCC_WARN_UNINITIALIZED_AUTOS = YES_AGGRESSIVE;
				GCC_WARN_UNUSED_FUNCTION = YES;
				GCC_WARN_UNUSED_VARIABLE = YES;
				IPHONEOS_DEPLOYMENT_TARGET = 18.2;
				LOCALIZATION_PREFERS_STRING_CATALOGS = YES;
				MTL_ENABLE_DEBUG_INFO = INCLUDE_SOURCE;
				MTL_FAST_MATH = YES;
				ONLY_ACTIVE_ARCH = YES;
				SDKROOT = iphoneos;
				SWIFT_ACTIVE_COMPILATION_CONDITIONS = "DEBUG $(inherited)";
				SWIFT_OPTIMIZATION_LEVEL = "-Onone";
			};
			name = Debug;
		};
		2FB407A02DA184B8005DFB17 /* Release */ = {
			isa = XCBuildConfiguration;
			buildSettings = {
				ALWAYS_SEARCH_USER_PATHS = NO;
				ASSETCATALOG_COMPILER_GENERATE_SWIFT_ASSET_SYMBOL_EXTENSIONS = YES;
				CLANG_ANALYZER_NONNULL = YES;
				CLANG_ANALYZER_NUMBER_OBJECT_CONVERSION = YES_AGGRESSIVE;
				CLANG_CXX_LANGUAGE_STANDARD = "gnu++20";
				CLANG_ENABLE_MODULES = YES;
				CLANG_ENABLE_OBJC_ARC = YES;
				CLANG_ENABLE_OBJC_WEAK = YES;
				CLANG_WARN_BLOCK_CAPTURE_AUTORELEASING = YES;
				CLANG_WARN_BOOL_CONVERSION = YES;
				CLANG_WARN_COMMA = YES;
				CLANG_WARN_CONSTANT_CONVERSION = YES;
				CLANG_WARN_DEPRECATED_OBJC_IMPLEMENTATIONS = YES;
				CLANG_WARN_DIRECT_OBJC_ISA_USAGE = YES_ERROR;
				CLANG_WARN_DOCUMENTATION_COMMENTS = YES;
				CLANG_WARN_EMPTY_BODY = YES;
				CLANG_WARN_ENUM_CONVERSION = YES;
				CLANG_WARN_INFINITE_RECURSION = YES;
				CLANG_WARN_INT_CONVERSION = YES;
				CLANG_WARN_NON_LITERAL_NULL_CONVERSION = YES;
				CLANG_WARN_OBJC_IMPLICIT_RETAIN_SELF = YES;
				CLANG_WARN_OBJC_LITERAL_CONVERSION = YES;
				CLANG_WARN_OBJC_ROOT_CLASS = YES_ERROR;
				CLANG_WARN_QUOTED_INCLUDE_IN_FRAMEWORK_HEADER = YES;
				CLANG_WARN_RANGE_LOOP_ANALYSIS = YES;
				CLANG_WARN_STRICT_PROTOTYPES = YES;
				CLANG_WARN_SUSPICIOUS_MOVE = YES;
				CLANG_WARN_UNGUARDED_AVAILABILITY = YES_AGGRESSIVE;
				CLANG_WARN_UNREACHABLE_CODE = YES;
				CLANG_WARN__DUPLICATE_METHOD_MATCH = YES;
				COPY_PHASE_STRIP = NO;
				DEBUG_INFORMATION_FORMAT = "dwarf-with-dsym";
				ENABLE_NS_ASSERTIONS = NO;
				ENABLE_STRICT_OBJC_MSGSEND = YES;
				ENABLE_USER_SCRIPT_SANDBOXING = YES;
				GCC_C_LANGUAGE_STANDARD = gnu17;
				GCC_NO_COMMON_BLOCKS = YES;
				GCC_WARN_64_TO_32_BIT_CONVERSION = YES;
				GCC_WARN_ABOUT_RETURN_TYPE = YES_ERROR;
				GCC_WARN_UNDECLARED_SELECTOR = YES;
				GCC_WARN_UNINITIALIZED_AUTOS = YES_AGGRESSIVE;
				GCC_WARN_UNUSED_FUNCTION = YES;
				GCC_WARN_UNUSED_VARIABLE = YES;
				IPHONEOS_DEPLOYMENT_TARGET = 18.2;
				LOCALIZATION_PREFERS_STRING_CATALOGS = YES;
				MTL_ENABLE_DEBUG_INFO = NO;
				MTL_FAST_MATH = YES;
				SDKROOT = iphoneos;
				SWIFT_COMPILATION_MODE = wholemodule;
				VALIDATE_PRODUCT = YES;
			};
			name = Release;
		};
		2FB407A22DA184B8005DFB17 /* Debug */ = {
			isa = XCBuildConfiguration;
			buildSettings = {
				ASSETCATALOG_COMPILER_APPICON_NAME = AppIcon;
				ASSETCATALOG_COMPILER_GLOBAL_ACCENT_COLOR_NAME = AccentColor;
				CODE_SIGN_STYLE = Automatic;
				CURRENT_PROJECT_VERSION = 1;
				DEVELOPMENT_ASSET_PATHS = "\"NeuroFade/Preview Content\"";
				ENABLE_PREVIEWS = YES;
				GENERATE_INFOPLIST_FILE = YES;
				INFOPLIST_KEY_UIApplicationSceneManifest_Generation = YES;
				INFOPLIST_KEY_UIApplicationSupportsIndirectInputEvents = YES;
				INFOPLIST_KEY_UILaunchScreen_Generation = YES;
				INFOPLIST_KEY_UISupportedInterfaceOrientations_iPad = "UIInterfaceOrientationPortrait UIInterfaceOrientationPortraitUpsideDown UIInterfaceOrientationLandscapeLeft UIInterfaceOrientationLandscapeRight";
				INFOPLIST_KEY_UISupportedInterfaceOrientations_iPhone = "UIInterfaceOrientationPortrait UIInterfaceOrientationLandscapeLeft UIInterfaceOrientationLandscapeRight";
				LD_RUNPATH_SEARCH_PATHS = (
					"$(inherited)",
					"@executable_path/Frameworks",
				);
				MARKETING_VERSION = 1.0;
				PRODUCT_BUNDLE_IDENTIFIER = hackathon.NeuroFade;
				PRODUCT_NAME = "$(TARGET_NAME)";
				SWIFT_EMIT_LOC_STRINGS = YES;
				SWIFT_VERSION = 5.0;
				TARGETED_DEVICE_FAMILY = "1,2";
			};
			name = Debug;
		};
		2FB407A32DA184B8005DFB17 /* Release */ = {
			isa = XCBuildConfiguration;
			buildSettings = {
				ASSETCATALOG_COMPILER_APPICON_NAME = AppIcon;
				ASSETCATALOG_COMPILER_GLOBAL_ACCENT_COLOR_NAME = AccentColor;
				CODE_SIGN_STYLE = Automatic;
				CURRENT_PROJECT_VERSION = 1;
				DEVELOPMENT_ASSET_PATHS = "\"NeuroFade/Preview Content\"";
				ENABLE_PREVIEWS = YES;
				GENERATE_INFOPLIST_FILE = YES;
				INFOPLIST_KEY_UIApplicationSceneManifest_Generation = YES;
				INFOPLIST_KEY_UIApplicationSupportsIndirectInputEvents = YES;
				INFOPLIST_KEY_UILaunchScreen_Generation = YES;
				INFOPLIST_KEY_UISupportedInterfaceOrientations_iPad = "UIInterfaceOrientationPortrait UIInterfaceOrientationPortraitUpsideDown UIInterfaceOrientationLandscapeLeft UIInterfaceOrientationLandscapeRight";
				INFOPLIST_KEY_UISupportedInterfaceOrientations_iPhone = "UIInterfaceOrientationPortrait UIInterfaceOrientationLandscapeLeft UIInterfaceOrientationLandscapeRight";
				LD_RUNPATH_SEARCH_PATHS = (
					"$(inherited)",
					"@executable_path/Frameworks",
				);
				MARKETING_VERSION = 1.0;
				PRODUCT_BUNDLE_IDENTIFIER = hackathon.NeuroFade;
				PRODUCT_NAME = "$(TARGET_NAME)";
				SWIFT_EMIT_LOC_STRINGS = YES;
				SWIFT_VERSION = 5.0;
				TARGETED_DEVICE_FAMILY = "1,2";
			};
			name = Release;
		};
		2FB407A52DA184B8005DFB17 /* Debug */ = {
			isa = XCBuildConfiguration;
			buildSettings = {
				BUNDLE_LOADER = "$(TEST_HOST)";
				CODE_SIGN_STYLE = Automatic;
				CURRENT_PROJECT_VERSION = 1;
				GENERATE_INFOPLIST_FILE = YES;
				IPHONEOS_DEPLOYMENT_TARGET = 18.2;
				MARKETING_VERSION = 1.0;
				PRODUCT_BUNDLE_IDENTIFIER = hackathon.NeuroFadeTests;
				PRODUCT_NAME = "$(TARGET_NAME)";
				SWIFT_EMIT_LOC_STRINGS = NO;
				SWIFT_VERSION = 5.0;
				TARGETED_DEVICE_FAMILY = "1,2";
				TEST_HOST = "$(BUILT_PRODUCTS_DIR)/NeuroFade.app/$(BUNDLE_EXECUTABLE_FOLDER_PATH)/NeuroFade";
			};
			name = Debug;
		};
		2FB407A62DA184B8005DFB17 /* Release */ = {
			isa = XCBuildConfiguration;
			buildSettings = {
				BUNDLE_LOADER = "$(TEST_HOST)";
				CODE_SIGN_STYLE = Automatic;
				CURRENT_PROJECT_VERSION = 1;
				GENERATE_INFOPLIST_FILE = YES;
				IPHONEOS_DEPLOYMENT_TARGET = 18.2;
				MARKETING_VERSION = 1.0;
				PRODUCT_BUNDLE_IDENTIFIER = hackathon.NeuroFadeTests;
				PRODUCT_NAME = "$(TARGET_NAME)";
				SWIFT_EMIT_LOC_STRINGS = NO;
				SWIFT_VERSION = 5.0;
				TARGETED_DEVICE_FAMILY = "1,2";
				TEST_HOST = "$(BUILT_PRODUCTS_DIR)/NeuroFade.app/$(BUNDLE_EXECUTABLE_FOLDER_PATH)/NeuroFade";
			};
			name = Release;
		};
		2FB407A82DA184B8005DFB17 /* Debug */ = {
			isa = XCBuildConfiguration;
			buildSettings = {
				CODE_SIGN_STYLE = Automatic;
				CURRENT_PROJECT_VERSION = 1;
				GENERATE_INFOPLIST_FILE = YES;
				MARKETING_VERSION = 1.0;
				PRODUCT_BUNDLE_IDENTIFIER = hackathon.NeuroFadeUITests;
				PRODUCT_NAME = "$(TARGET_NAME)";
				SWIFT_EMIT_LOC_STRINGS = NO;
				SWIFT_VERSION = 5.0;
				TARGETED_DEVICE_FAMILY = "1,2";
				TEST_TARGET_NAME = NeuroFade;
			};
			name = Debug;
		};
		2FB407A92DA184B8005DFB17 /* Release */ = {
			isa = XCBuildConfiguration;
			buildSettings = {
				CODE_SIGN_STYLE = Automatic;
				CURRENT_PROJECT_VERSION = 1;
				GENERATE_INFOPLIST_FILE = YES;
				MARKETING_VERSION = 1.0;
				PRODUCT_BUNDLE_IDENTIFIER = hackathon.NeuroFadeUITests;
				PRODUCT_NAME = "$(TARGET_NAME)";
				SWIFT_EMIT_LOC_STRINGS = NO;
				SWIFT_VERSION = 5.0;
				TARGETED_DEVICE_FAMILY = "1,2";
				TEST_TARGET_NAME = NeuroFade;
			};
			name = Release;
		};
/* End XCBuildConfiguration section */

/* Begin XCConfigurationList section */
		2FB407782DA184B7005DFB17 /* Build configuration list for PBXProject "NeuroFade" */ = {
			isa = XCConfigurationList;
			buildConfigurations = (
				2FB4079F2DA184B8005DFB17 /* Debug */,
				2FB407A02DA184B8005DFB17 /* Release */,
			);
			defaultConfigurationIsVisible = 0;
			defaultConfigurationName = Release;
		};
		2FB407A12DA184B8005DFB17 /* Build configuration list for PBXNativeTarget "NeuroFade" */ = {
			isa = XCConfigurationList;
			buildConfigurations = (
				2FB407A22DA184B8005DFB17 /* Debug */,
				2FB407A32DA184B8005DFB17 /* Release */,
			);
			defaultConfigurationIsVisible = 0;
			defaultConfigurationName = Release;
		};
		2FB407A42DA184B8005DFB17 /* Build configuration list for PBXNativeTarget "NeuroFadeTests" */ = {
			isa = XCConfigurationList;
			buildConfigurations = (
				2FB407A52DA184B8005DFB17 /* Debug */,
				2FB407A62DA184B8005DFB17 /* Release */,
			);
			defaultConfigurationIsVisible = 0;
			defaultConfigurationName = Release;
		};
		2FB407A72DA184B8005DFB17 /* Build configuration list for PBXNativeTarget "NeuroFadeUITests" */ = {
			isa = XCConfigurationList;
			buildConfigurations = (
				2FB407A82DA184B8005DFB17 /* Debug */,
				2FB407A92DA184B8005DFB17 /* Release */,
			);
			defaultConfigurationIsVisible = 0;
			defaultConfigurationName = Release;
		};
/* End XCConfigurationList section */
	};
	rootObject = 2FB407752DA184B7005DFB17 /* Project object */;
}
